// !$*UTF8*$!
{
	archiveVersion = 1;
	classes = {
	};
	objectVersion = 46;
	objects = {

/* Begin PBXBuildFile section */
		C750B9061F0D16220081A30F /* AppDelegate.swift in Sources */ = {isa = PBXBuildFile; fileRef = C750B9051F0D16220081A30F /* AppDelegate.swift */; };
		C750B9081F0D16220081A30F /* ViewController.swift in Sources */ = {isa = PBXBuildFile; fileRef = C750B9071F0D16220081A30F /* ViewController.swift */; };
		C750B90B1F0D16220081A30F /* Main.storyboard in Resources */ = {isa = PBXBuildFile; fileRef = C750B9091F0D16220081A30F /* Main.storyboard */; };
		C750B90E1F0D16220081A30F /* testCoreData.xcdatamodeld in Sources */ = {isa = PBXBuildFile; fileRef = C750B90C1F0D16220081A30F /* testCoreData.xcdatamodeld */; };
		C750B9101F0D16220081A30F /* Assets.xcassets in Resources */ = {isa = PBXBuildFile; fileRef = C750B90F1F0D16220081A30F /* Assets.xcassets */; };
		C750B9131F0D16220081A30F /* LaunchScreen.storyboard in Resources */ = {isa = PBXBuildFile; fileRef = C750B9111F0D16220081A30F /* LaunchScreen.storyboard */; };
/* End PBXBuildFile section */

/* Begin PBXFileReference section */
		C750B9021F0D16220081A30F /* testCoreData.app */ = {isa = PBXFileReference; explicitFileType = wrapper.application; includeInIndex = 0; path = testCoreData.app; sourceTree = BUILT_PRODUCTS_DIR; };
		C750B9051F0D16220081A30F /* AppDelegate.swift */ = {isa = PBXFileReference; lastKnownFileType = sourcecode.swift; path = AppDelegate.swift; sourceTree = "<group>"; };
		C750B9071F0D16220081A30F /* ViewController.swift */ = {isa = PBXFileReference; lastKnownFileType = sourcecode.swift; path = ViewController.swift; sourceTree = "<group>"; };
		C750B90A1F0D16220081A30F /* Base */ = {isa = PBXFileReference; lastKnownFileType = file.storyboard; name = Base; path = Base.lproj/Main.storyboard; sourceTree = "<group>"; };
		C750B90D1F0D16220081A30F /* testCoreData.xcdatamodel */ = {isa = PBXFileReference; lastKnownFileType = wrapper.xcdatamodel; path = testCoreData.xcdatamodel; sourceTree = "<group>"; };
		C750B90F1F0D16220081A30F /* Assets.xcassets */ = {isa = PBXFileReference; lastKnownFileType = folder.assetcatalog; path = Assets.xcassets; sourceTree = "<group>"; };
		C750B9121F0D16220081A30F /* Base */ = {isa = PBXFileReference; lastKnownFileType = file.storyboard; name = Base; path = Base.lproj/LaunchScreen.storyboard; sourceTree = "<group>"; };
		C750B9141F0D16220081A30F /* Info.plist */ = {isa = PBXFileReference; lastKnownFileType = text.plist.xml; path = Info.plist; sourceTree = "<group>"; };
/* End PBXFileReference section */

/* Begin PBXFrameworksBuildPhase section */
		C750B8FF1F0D16220081A30F /* Frameworks */ = {
			isa = PBXFrameworksBuildPhase;
			buildActionMask = 2147483647;
			files = (
			);
			runOnlyForDeploymentPostprocessing = 0;
		};
/* End PBXFrameworksBuildPhase section */

/* Begin PBXGroup section */
		C750B8F91F0D16220081A30F = {
			isa = PBXGroup;
			children = (
				C750B9041F0D16220081A30F /* testCoreData */,
				C750B9031F0D16220081A30F /* Products */,
			);
			sourceTree = "<group>";
		};
		C750B9031F0D16220081A30F /* Products */ = {
			isa = PBXGroup;
			children = (
				C750B9021F0D16220081A30F /* testCoreData.app */,
			);
			name = Products;
			sourceTree = "<group>";
		};
		C750B9041F0D16220081A30F /* testCoreData */ = {
			isa = PBXGroup;
			children = (
				C750B9051F0D16220081A30F /* AppDelegate.swift */,
				C750B9071F0D16220081A30F /* ViewController.swift */,
				C750B9091F0D16220081A30F /* Main.storyboard */,
				C750B90F1F0D16220081A30F /* Assets.xcassets */,
				C750B9111F0D16220081A30F /* LaunchScreen.storyboard */,
				C750B9141F0D16220081A30F /* Info.plist */,
				C750B90C1F0D16220081A30F /* testCoreData.xcdatamodeld */,
			);
			path = testCoreData;
			sourceTree = "<group>";
		};
/* End PBXGroup section */

/* Begin PBXNativeTarget section */
		C750B9011F0D16220081A30F /* testCoreData */ = {
			isa = PBXNativeTarget;
			buildConfigurationList = C750B9171F0D16220081A30F /* Build configuration list for PBXNativeTarget "testCoreData" */;
			buildPhases = (
				C750B8FE1F0D16220081A30F /* Sources */,
				C750B8FF1F0D16220081A30F /* Frameworks */,
				C750B9001F0D16220081A30F /* Resources */,
			);
			buildRules = (
			);
			dependencies = (
			);
			name = testCoreData;
			productName = testCoreData;
			productReference = C750B9021F0D16220081A30F /* testCoreData.app */;
			productType = "com.apple.product-type.application";
		};
/* End PBXNativeTarget section */

/* Begin PBXProject section */
		C750B8FA1F0D16220081A30F /* Project object */ = {
			isa = PBXProject;
			attributes = {
				LastSwiftUpdateCheck = 0830;
				LastUpgradeCheck = 0830;
				ORGANIZATIONNAME = GCWhiteShadow;
				TargetAttributes = {
					C750B9011F0D16220081A30F = {
						CreatedOnToolsVersion = 8.3.3;
						DevelopmentTeam = 262SFD8Z38;
						ProvisioningStyle = Automatic;
					};
				};
			};
			buildConfigurationList = C750B8FD1F0D16220081A30F /* Build configuration list for PBXProject "testCoreData" */;
			compatibilityVersion = "Xcode 3.2";
			developmentRegion = English;
			hasScannedForEncodings = 0;
			knownRegions = (
				en,
				Base,
			);
			mainGroup = C750B8F91F0D16220081A30F;
			productRefGroup = C750B9031F0D16220081A30F /* Products */;
			projectDirPath = "";
			projectRoot = "";
			targets = (
				C750B9011F0D16220081A30F /* testCoreData */,
			);
		};
/* End PBXProject section */

/* Begin PBXResourcesBuildPhase section */
		C750B9001F0D16220081A30F /* Resources */ = {
			isa = PBXResourcesBuildPhase;
			buildActionMask = 2147483647;
			files = (
				C750B9131F0D16220081A30F /* LaunchScreen.storyboard in Resources */,
				C750B9101F0D16220081A30F /* Assets.xcassets in Resources */,
				C750B90B1F0D16220081A30F /* Main.storyboard in Resources */,
			);
			runOnlyForDeploymentPostprocessing = 0;
		};
/* End PBXResourcesBuildPhase section */

/* Begin PBXSourcesBuildPhase section */
		C750B8FE1F0D16220081A30F /* Sources */ = {
			isa = PBXSourcesBuildPhase;
			buildActionMask = 2147483647;
			files = (
				C750B90E1F0D16220081A30F /* testCoreData.xcdatamodeld in Sources */,
				C750B9081F0D16220081A30F /* ViewController.swift in Sources */,
				C750B9061F0D16220081A30F /* AppDelegate.swift in Sources */,
			);
			runOnlyForDeploymentPostprocessing = 0;
		};
/* End PBXSourcesBuildPhase section */

/* Begin PBXVariantGroup section */
		C750B9091F0D16220081A30F /* Main.storyboard */ = {
			isa = PBXVariantGroup;
			children = (
				C750B90A1F0D16220081A30F /* Base */,
			);
			name = Main.storyboard;
			sourceTree = "<group>";
		};
		C750B9111F0D16220081A30F /* LaunchScreen.storyboard */ = {
			isa = PBXVariantGroup;
			children = (
				C750B9121F0D16220081A30F /* Base */,
			);
			name = LaunchScreen.storyboard;
			sourceTree = "<group>";
		};
/* End PBXVariantGroup section */

/* Begin XCBuildConfiguration section */
		C750B9151F0D16220081A30F /* Debug */ = {
			isa = XCBuildConfiguration;
			buildSettings = {
				ALWAYS_SEARCH_USER_PATHS = NO;
				CLANG_ANALYZER_NONNULL = YES;
				CLANG_ANALYZER_NUMBER_OBJECT_CONVERSION = YES_AGGRESSIVE;
				CLANG_CXX_LANGUAGE_STANDARD = "gnu++0x";
				CLANG_CXX_LIBRARY = "libc++";
				CLANG_ENABLE_MODULES = YES;
				CLANG_ENABLE_OBJC_ARC = YES;
				CLANG_WARN_BOOL_CONVERSION = YES;
				CLANG_WARN_CONSTANT_CONVERSION = YES;
				CLANG_WARN_DIRECT_OBJC_ISA_USAGE = YES_ERROR;
				CLANG_WARN_DOCUMENTATION_COMMENTS = YES;
				CLANG_WARN_EMPTY_BODY = YES;
				CLANG_WARN_ENUM_CONVERSION = YES;
				CLANG_WARN_INFINITE_RECURSION = YES;
				CLANG_WARN_INT_CONVERSION = YES;
				CLANG_WARN_OBJC_ROOT_CLASS = YES_ERROR;
				CLANG_WARN_SUSPICIOUS_MOVE = YES;
				CLANG_WARN_UNREACHABLE_CODE = YES;
				CLANG_WARN__DUPLICATE_METHOD_MATCH = YES;
				"CODE_SIGN_IDENTITY[sdk=iphoneos*]" = "iPhone Developer";
				COPY_PHASE_STRIP = NO;
				DEBUG_INFORMATION_FORMAT = dwarf;
				ENABLE_STRICT_OBJC_MSGSEND = YES;
				ENABLE_TESTABILITY = YES;
				GCC_C_LANGUAGE_STANDARD = gnu99;
				GCC_DYNAMIC_NO_PIC = NO;
				GCC_NO_COMMON_BLOCKS = YES;
				GCC_OPTIMIZATION_LEVEL = 0;
				GCC_PREPROCESSOR_DEFINITIONS = (
					"DEBUG=1",
					"$(inherited)",
				);
				GCC_WARN_64_TO_32_BIT_CONVERSION = YES;
				GCC_WARN_ABOUT_RETURN_TYPE = YES_ERROR;
				GCC_WARN_UNDECLARED_SELECTOR = YES;
				GCC_WARN_UNINITIALIZED_AUTOS = YES_AGGRESSIVE;
				GCC_WARN_UNUSED_FUNCTION = YES;
				GCC_WARN_UNUSED_VARIABLE = YES;
				IPHONEOS_DEPLOYMENT_TARGET = 10.3;
				MTL_ENABLE_DEBUG_INFO = YES;
				ONLY_ACTIVE_ARCH = YES;
				SDKROOT = iphoneos;
				SWIFT_ACTIVE_COMPILATION_CONDITIONS = DEBUG;
				SWIFT_OPTIMIZATION_LEVEL = "-Onone";
			};
			name = Debug;
		};
		C750B9161F0D16220081A30F /* Release */ = {
			isa = XCBuildConfiguration;
			buildSettings = {
				ALWAYS_SEARCH_USER_PATHS = NO;
				CLANG_ANALYZER_NONNULL = YES;
				CLANG_ANALYZER_NUMBER_OBJECT_CONVERSION = YES_AGGRESSIVE;
				CLANG_CXX_LANGUAGE_STANDARD = "gnu++0x";
				CLANG_CXX_LIBRARY = "libc++";
				CLANG_ENABLE_MODULES = YES;
				CLANG_ENABLE_OBJC_ARC = YES;
				CLANG_WARN_BOOL_CONVERSION = YES;
				CLANG_WARN_CONSTANT_CONVERSION = YES;
				CLANG_WARN_DIRECT_OBJC_ISA_USAGE = YES_ERROR;
				CLANG_WARN_DOCUMENTATION_COMMENTS = YES;
				CLANG_WARN_EMPTY_BODY = YES;
				CLANG_WARN_ENUM_CONVERSION = YES;
				CLANG_WARN_INFINITE_RECURSION = YES;
				CLANG_WARN_INT_CONVERSION = YES;
				CLANG_WARN_OBJC_ROOT_CLASS = YES_ERROR;
				CLANG_WARN_SUSPICIOUS_MOVE = YES;
				CLANG_WARN_UNREACHABLE_CODE = YES;
				CLANG_WARN__DUPLICATE_METHOD_MATCH = YES;
				"CODE_SIGN_IDENTITY[sdk=iphoneos*]" = "iPhone Developer";
				COPY_PHASE_STRIP = NO;
				DEBUG_INFORMATION_FORMAT = "dwarf-with-dsym";
				ENABLE_NS_ASSERTIONS = NO;
				ENABLE_STRICT_OBJC_MSGSEND = YES;
				GCC_C_LANGUAGE_STANDARD = gnu99;
				GCC_NO_COMMON_BLOCKS = YES;
				GCC_WARN_64_TO_32_BIT_CONVERSION = YES;
				GCC_WARN_ABOUT_RETURN_TYPE = YES_ERROR;
				GCC_WARN_UNDECLARED_SELECTOR = YES;
				GCC_WARN_UNINITIALIZED_AUTOS = YES_AGGRESSIVE;
				GCC_WARN_UNUSED_FUNCTION = YES;
				GCC_WARN_UNUSED_VARIABLE = YES;
				IPHONEOS_DEPLOYMENT_TARGET = 10.3;
				MTL_ENABLE_DEBUG_INFO = NO;
				SDKROOT = iphoneos;
				SWIFT_OPTIMIZATION_LEVEL = "-Owholemodule";
				VALIDATE_PRODUCT = YES;
			};
			name = Release;
		};
		C750B9181F0D16220081A30F /* Debug */ = {
			isa = XCBuildConfiguration;
			buildSettings = {
				ASSETCATALOG_COMPILER_APPICON_NAME = AppIcon;
				DEVELOPMENT_TEAM = 262SFD8Z38;
				INFOPLIST_FILE = testCoreData/Info.plist;
				LD_RUNPATH_SEARCH_PATHS = "$(inherited) @executable_path/Frameworks";
				PRODUCT_BUNDLE_IDENTIFIER = gcws.idv.tw.testCoreData;
				PRODUCT_NAME = "$(TARGET_NAME)";
				SWIFT_VERSION = 3.0;
			};
			name = Debug;
		};
		C750B9191F0D16220081A30F /* Release */ = {
			isa = XCBuildConfiguration;
			buildSettings = {
				ASSETCATALOG_COMPILER_APPICON_NAME = AppIcon;
				DEVELOPMENT_TEAM = 262SFD8Z38;
				INFOPLIST_FILE = testCoreData/Info.plist;
				LD_RUNPATH_SEARCH_PATHS = "$(inherited) @executable_path/Frameworks";
				PRODUCT_BUNDLE_IDENTIFIER = gcws.idv.tw.testCoreData;
				PRODUCT_NAME = "$(TARGET_NAME)";
				SWIFT_VERSION = 3.0;
			};
			name = Release;
		};
/* End XCBuildConfiguration section */

/* Begin XCConfigurationList section */
		C750B8FD1F0D16220081A30F /* Build configuration list for PBXProject "testCoreData" */ = {
			isa = XCConfigurationList;
			buildConfigurations = (
				C750B9151F0D16220081A30F /* Debug */,
				C750B9161F0D16220081A30F /* Release */,
			);
			defaultConfigurationIsVisible = 0;
			defaultConfigurationName = Release;
		};
		C750B9171F0D16220081A30F /* Build configuration list for PBXNativeTarget "testCoreData" */ = {
			isa = XCConfigurationList;
			buildConfigurations = (
				C750B9181F0D16220081A30F /* Debug */,
				C750B9191F0D16220081A30F /* Release */,
			);
			defaultConfigurationIsVisible = 0;
		};
/* End XCConfigurationList section */

/* Begin XCVersionGroup section */
		C750B90C1F0D16220081A30F /* testCoreData.xcdatamodeld */ = {
			isa = XCVersionGroup;
			children = (
				C750B90D1F0D16220081A30F /* testCoreData.xcdatamodel */,
			);
			currentVersion = C750B90D1F0D16220081A30F /* testCoreData.xcdatamodel */;
			path = testCoreData.xcdatamodeld;
			sourceTree = "<group>";
			versionGroupType = wrapper.xcdatamodel;
		};
/* End XCVersionGroup section */
	};
	rootObject = C750B8FA1F0D16220081A30F /* Project object */;
}
